
Microsoft Visual Studio Solution File, Format Version 12.00
# Visual Studio Version 16
VisualStudioVersion = 16.0.31129.286
MinimumVisualStudioVersion = 10.0.40219.1
Project("{FAE04EC0-301F-11D3-BF4B-00C04F79EFBC}") = "MubcoApp", "MubcoApp\MubcoApp.csproj", "{44A8F812-A590-4407-AE8E-7A345AB39D3C}"
EndProject
Global
	GlobalSection(SolutionConfigurationPlatforms) = preSolution
		Debug|Any CPU = Debug|Any CPU
		Release|Any CPU = Release|Any CPU
	EndGlobalSection
	GlobalSection(ProjectConfigurationPlatforms) = postSolution
		{44A8F812-A590-4407-AE8E-7A345AB39D3C}.Debug|Any CPU.ActiveCfg = Debug|Any CPU
		{44A8F812-A590-4407-AE8E-7A345AB39D3C}.Debug|Any CPU.Build.0 = Debug|Any CPU
		{44A8F812-A590-4407-AE8E-7A345AB39D3C}.Release|Any CPU.ActiveCfg = Release|Any CPU
		{44A8F812-A590-4407-AE8E-7A345AB39D3C}.Release|Any CPU.Build.0 = Release|Any CPU
	EndGlobalSection
	GlobalSection(SolutionProperties) = preSolution
		HideSolutionNode = FALSE
	EndGlobalSection
	GlobalSection(ExtensibilityGlobals) = postSolution
		SolutionGuid = {448BE3DB-9F08-4261-B680-EE763A8799F5}
	EndGlobalSection
EndGlobal
